// !$*UTF8*$!
{
	archiveVersion = 1;
	classes = {
	};
	objectVersion = 46;
	objects = {

/* Begin PBXBuildFile section */
		4E0731001636FBBE00E8F4D2 /* loginbutton.png in Resources */ = {isa = PBXBuildFile; fileRef = 4E0730FE1636FBBE00E8F4D2 /* loginbutton.png */; };
		4E0731011636FBBE00E8F4D2 /* logbg.jpg in Resources */ = {isa = PBXBuildFile; fileRef = 4E0730FF1636FBBE00E8F4D2 /* logbg.jpg */; };
		4E0C1C7C1620CA2B00FD622F /* API.m in Sources */ = {isa = PBXBuildFile; fileRef = 4E0C1C7B1620CA2B00FD622F /* API.m */; };
		4E16979F162CB0430020F1F6 /* egintro.jpg in Resources */ = {isa = PBXBuildFile; fileRef = 4E16979E162CB0430020F1F6 /* egintro.jpg */; };
		4E1697AE162CC2F40020F1F6 /* third.m in Sources */ = {isa = PBXBuildFile; fileRef = 4E1697AD162CC2F40020F1F6 /* third.m */; };
		4E1697B0162CCA2A0020F1F6 /* bar.jpg in Resources */ = {isa = PBXBuildFile; fileRef = 4E1697AF162CCA2A0020F1F6 /* bar.jpg */; };
		4E1697B2162CD1120020F1F6 /* orange.jpg in Resources */ = {isa = PBXBuildFile; fileRef = 4E1697B1162CD1120020F1F6 /* orange.jpg */; };
		4E1C67AB16228337005EDC3C /* AFHTTPClient.m in Sources */ = {isa = PBXBuildFile; fileRef = 4E1C679716228337005EDC3C /* AFHTTPClient.m */; settings = {COMPILER_FLAGS = "-fno-objc-arc"; }; };
		4E1C67AC16228337005EDC3C /* AFHTTPRequestOperation.m in Sources */ = {isa = PBXBuildFile; fileRef = 4E1C679916228337005EDC3C /* AFHTTPRequestOperation.m */; settings = {COMPILER_FLAGS = "-fno-objc-arc"; }; };
		4E1C67AD16228337005EDC3C /* AFImageRequestOperation.m in Sources */ = {isa = PBXBuildFile; fileRef = 4E1C679B16228337005EDC3C /* AFImageRequestOperation.m */; settings = {COMPILER_FLAGS = "-fno-objc-arc"; }; };
		4E1C67AE16228337005EDC3C /* AFJSONRequestOperation.m in Sources */ = {isa = PBXBuildFile; fileRef = 4E1C679D16228337005EDC3C /* AFJSONRequestOperation.m */; settings = {COMPILER_FLAGS = "-fno-objc-arc"; }; };
		4E1C67AF16228337005EDC3C /* AFJSONUtilities.m in Sources */ = {isa = PBXBuildFile; fileRef = 4E1C679F16228337005EDC3C /* AFJSONUtilities.m */; settings = {COMPILER_FLAGS = "-fno-objc-arc"; }; };
		4E1C67B016228337005EDC3C /* AFNetworkActivityIndicatorManager.m in Sources */ = {isa = PBXBuildFile; fileRef = 4E1C67A116228337005EDC3C /* AFNetworkActivityIndicatorManager.m */; settings = {COMPILER_FLAGS = "-fno-objc-arc"; }; };
		4E1C67B116228337005EDC3C /* AFPropertyListRequestOperation.m in Sources */ = {isa = PBXBuildFile; fileRef = 4E1C67A416228337005EDC3C /* AFPropertyListRequestOperation.m */; settings = {COMPILER_FLAGS = "-fno-objc-arc"; }; };
		4E1C67B216228337005EDC3C /* AFURLConnectionOperation.m in Sources */ = {isa = PBXBuildFile; fileRef = 4E1C67A616228337005EDC3C /* AFURLConnectionOperation.m */; settings = {COMPILER_FLAGS = "-fno-objc-arc"; }; };
		4E1C67B316228337005EDC3C /* AFXMLRequestOperation.m in Sources */ = {isa = PBXBuildFile; fileRef = 4E1C67A816228337005EDC3C /* AFXMLRequestOperation.m */; settings = {COMPILER_FLAGS = "-fno-objc-arc"; }; };
		4E1C67B416228337005EDC3C /* UIImageView+AFNetworking.m in Sources */ = {isa = PBXBuildFile; fileRef = 4E1C67AA16228337005EDC3C /* UIImageView+AFNetworking.m */; settings = {COMPILER_FLAGS = "-fno-objc-arc"; }; };
		4E24763A16288E0C009D9DB7 /* InfoPlist.strings in Resources */ = {isa = PBXBuildFile; fileRef = 4E24763916288E0C009D9DB7 /* InfoPlist.strings */; };
		4E24765B16289BA2009D9DB7 /* MapKit.framework in Frameworks */ = {isa = PBXBuildFile; fileRef = 4E24765A16289BA2009D9DB7 /* MapKit.framework */; };
		4E25AEB8163351700038B9B1 /* MyHealth.m in Sources */ = {isa = PBXBuildFile; fileRef = 4E25AEB7163351700038B9B1 /* MyHealth.m */; };
		4E51E4421634701B0090CCCB /* toptab.jpg in Resources */ = {isa = PBXBuildFile; fileRef = 4E51E4411634701A0090CCCB /* toptab.jpg */; };
		4E51E4461634807D0090CCCB /* backb.png in Resources */ = {isa = PBXBuildFile; fileRef = 4E51E4451634807C0090CCCB /* backb.png */; };
		4EA193841652C0E300DE0536 /* fb-sign.png in Resources */ = {isa = PBXBuildFile; fileRef = 4EA193821652C0E300DE0536 /* fb-sign.png */; };
		4EA193851652C0E300DE0536 /* twitter-sign.png in Resources */ = {isa = PBXBuildFile; fileRef = 4EA193831652C0E300DE0536 /* twitter-sign.png */; };
		4EB4789E1624C53800FDCC2E /* first.m in Sources */ = {isa = PBXBuildFile; fileRef = 4EB4789D1624C53800FDCC2E /* first.m */; };
		4EC5E51B16533A3E00CE0A42 /* FacebookSDK.framework in Frameworks */ = {isa = PBXBuildFile; fileRef = 4EC5E51A16533A3E00CE0A42 /* FacebookSDK.framework */; };
		4EC5E51E16533ACA00CE0A42 /* Accounts.framework in Frameworks */ = {isa = PBXBuildFile; fileRef = 4EC5E51C16533ACA00CE0A42 /* Accounts.framework */; };
		4EC5E51F16533ACA00CE0A42 /* AdSupport.framework in Frameworks */ = {isa = PBXBuildFile; fileRef = 4EC5E51D16533ACA00CE0A42 /* AdSupport.framework */; };
		4EC5E52116533B8B00CE0A42 /* FacebookSDKResources.bundle in Resources */ = {isa = PBXBuildFile; fileRef = 4EC5E52016533B8B00CE0A42 /* FacebookSDKResources.bundle */; };
		4EC5E52316533EC400CE0A42 /* EarthGerm-Info.plist in Resources */ = {isa = PBXBuildFile; fileRef = 4EC5E52216533EC400CE0A42 /* EarthGerm-Info.plist */; };
		4ECAFCD31651DC0E00FE18E1 /* Social.framework in Frameworks */ = {isa = PBXBuildFile; fileRef = 4ECAFCD21651DC0E00FE18E1 /* Social.framework */; };
		9C0C5D5C1503722E000A19FD /* Storyboard.storyboard in Resources */ = {isa = PBXBuildFile; fileRef = 9C0C5D5B1503722E000A19FD /* Storyboard.storyboard */; };
		9C21AF1714E4579F00DB003E /* UIKit.framework in Frameworks */ = {isa = PBXBuildFile; fileRef = 9C21AF1614E4579F00DB003E /* UIKit.framework */; };
		9C21AF1914E4579F00DB003E /* Foundation.framework in Frameworks */ = {isa = PBXBuildFile; fileRef = 9C21AF1814E4579F00DB003E /* Foundation.framework */; };
		9C21AF1B14E4579F00DB003E /* CoreGraphics.framework in Frameworks */ = {isa = PBXBuildFile; fileRef = 9C21AF1A14E4579F00DB003E /* CoreGraphics.framework */; };
		9C21AF2314E4579F00DB003E /* main.m in Sources */ = {isa = PBXBuildFile; fileRef = 9C21AF2214E4579F00DB003E /* main.m */; };
		9C21AF2714E4579F00DB003E /* AppDelegate.m in Sources */ = {isa = PBXBuildFile; fileRef = 9C21AF2614E4579F00DB003E /* AppDelegate.m */; };
		9C21AF5E14E4581900DB003E /* PhotoScreen.m in Sources */ = {isa = PBXBuildFile; fileRef = 9C21AF5C14E4581900DB003E /* PhotoScreen.m */; };
		9C21AF6114E4596F00DB003E /* CFNetwork.framework in Frameworks */ = {isa = PBXBuildFile; fileRef = 9C21AF6014E4596F00DB003E /* CFNetwork.framework */; };
		9C21AF6514E459CC00DB003E /* Security.framework in Frameworks */ = {isa = PBXBuildFile; fileRef = 9C21AF6414E459CC00DB003E /* Security.framework */; };
		9C21AF6B14E45AAB00DB003E /* AssetsLibrary.framework in Frameworks */ = {isa = PBXBuildFile; fileRef = 9C21AF6A14E45AAB00DB003E /* AssetsLibrary.framework */; };
		9C21AF7D14E4625700DB003E /* LoginScreen.m in Sources */ = {isa = PBXBuildFile; fileRef = 9C21AF7B14E4625700DB003E /* LoginScreen.m */; };
		9C21AF8114E4642000DB003E /* UIAlertView+error.m in Sources */ = {isa = PBXBuildFile; fileRef = 9C21AF8014E4642000DB003E /* UIAlertView+error.m */; };
		9C427B0E14FA4DBA00C708B8 /* SystemConfiguration.framework in Frameworks */ = {isa = PBXBuildFile; fileRef = 9C427B0D14FA4DBA00C708B8 /* SystemConfiguration.framework */; };
		9C60DA8614E5316A00442413 /* StreamScreen.m in Sources */ = {isa = PBXBuildFile; fileRef = 9C60DA8414E5316A00442413 /* StreamScreen.m */; };
		9C60DA8914E53C7100442413 /* CoreImage.framework in Frameworks */ = {isa = PBXBuildFile; fileRef = 9C60DA8814E53C7100442413 /* CoreImage.framework */; };
		9C60DA8E14E5478C00442413 /* placeholder.png in Resources */ = {isa = PBXBuildFile; fileRef = 9C60DA8D14E5478B00442413 /* placeholder.png */; };
		9C9C950814E56EA100AA9BC3 /* StreamPhotoScreen.m in Sources */ = {isa = PBXBuildFile; fileRef = 9C9C950614E56EA100AA9BC3 /* StreamPhotoScreen.m */; };
/* End PBXBuildFile section */

/* Begin PBXFileReference section */
		4E0730FE1636FBBE00E8F4D2 /* loginbutton.png */ = {isa = PBXFileReference; lastKnownFileType = image.png; path = loginbutton.png; sourceTree = "<group>"; };
		4E0730FF1636FBBE00E8F4D2 /* logbg.jpg */ = {isa = PBXFileReference; lastKnownFileType = image.jpeg; path = logbg.jpg; sourceTree = "<group>"; };
		4E0C1C7A1620CA2B00FD622F /* API.h */ = {isa = PBXFileReference; fileEncoding = 4; lastKnownFileType = sourcecode.c.h; path = API.h; sourceTree = "<group>"; };
		4E0C1C7B1620CA2B00FD622F /* API.m */ = {isa = PBXFileReference; fileEncoding = 4; lastKnownFileType = sourcecode.c.objc; path = API.m; sourceTree = "<group>"; };
		4E16979E162CB0430020F1F6 /* egintro.jpg */ = {isa = PBXFileReference; lastKnownFileType = image.jpeg; path = egintro.jpg; sourceTree = "<group>"; };
		4E1697AC162CC2F40020F1F6 /* third.h */ = {isa = PBXFileReference; fileEncoding = 4; lastKnownFileType = sourcecode.c.h; path = third.h; sourceTree = "<group>"; };
		4E1697AD162CC2F40020F1F6 /* third.m */ = {isa = PBXFileReference; fileEncoding = 4; lastKnownFileType = sourcecode.c.objc; path = third.m; sourceTree = "<group>"; };
		4E1697AF162CCA2A0020F1F6 /* bar.jpg */ = {isa = PBXFileReference; lastKnownFileType = image.jpeg; path = bar.jpg; sourceTree = "<group>"; };
		4E1697B1162CD1120020F1F6 /* orange.jpg */ = {isa = PBXFileReference; lastKnownFileType = image.jpeg; path = orange.jpg; sourceTree = "<group>"; };
		4E1C679616228337005EDC3C /* AFHTTPClient.h */ = {isa = PBXFileReference; fileEncoding = 4; lastKnownFileType = sourcecode.c.h; path = AFHTTPClient.h; sourceTree = "<group>"; };
		4E1C679716228337005EDC3C /* AFHTTPClient.m */ = {isa = PBXFileReference; fileEncoding = 4; lastKnownFileType = sourcecode.c.objc; path = AFHTTPClient.m; sourceTree = "<group>"; };
		4E1C679816228337005EDC3C /* AFHTTPRequestOperation.h */ = {isa = PBXFileReference; fileEncoding = 4; lastKnownFileType = sourcecode.c.h; path = AFHTTPRequestOperation.h; sourceTree = "<group>"; };
		4E1C679916228337005EDC3C /* AFHTTPRequestOperation.m */ = {isa = PBXFileReference; fileEncoding = 4; lastKnownFileType = sourcecode.c.objc; path = AFHTTPRequestOperation.m; sourceTree = "<group>"; };
		4E1C679A16228337005EDC3C /* AFImageRequestOperation.h */ = {isa = PBXFileReference; fileEncoding = 4; lastKnownFileType = sourcecode.c.h; path = AFImageRequestOperation.h; sourceTree = "<group>"; };
		4E1C679B16228337005EDC3C /* AFImageRequestOperation.m */ = {isa = PBXFileReference; fileEncoding = 4; lastKnownFileType = sourcecode.c.objc; path = AFImageRequestOperation.m; sourceTree = "<group>"; };
		4E1C679C16228337005EDC3C /* AFJSONRequestOperation.h */ = {isa = PBXFileReference; fileEncoding = 4; lastKnownFileType = sourcecode.c.h; path = AFJSONRequestOperation.h; sourceTree = "<group>"; };
		4E1C679D16228337005EDC3C /* AFJSONRequestOperation.m */ = {isa = PBXFileReference; fileEncoding = 4; lastKnownFileType = sourcecode.c.objc; path = AFJSONRequestOperation.m; sourceTree = "<group>"; };
		4E1C679E16228337005EDC3C /* AFJSONUtilities.h */ = {isa = PBXFileReference; fileEncoding = 4; lastKnownFileType = sourcecode.c.h; path = AFJSONUtilities.h; sourceTree = "<group>"; };
		4E1C679F16228337005EDC3C /* AFJSONUtilities.m */ = {isa = PBXFileReference; fileEncoding = 4; lastKnownFileType = sourcecode.c.objc; path = AFJSONUtilities.m; sourceTree = "<group>"; };
		4E1C67A016228337005EDC3C /* AFNetworkActivityIndicatorManager.h */ = {isa = PBXFileReference; fileEncoding = 4; lastKnownFileType = sourcecode.c.h; path = AFNetworkActivityIndicatorManager.h; sourceTree = "<group>"; };
		4E1C67A116228337005EDC3C /* AFNetworkActivityIndicatorManager.m */ = {isa = PBXFileReference; fileEncoding = 4; lastKnownFileType = sourcecode.c.objc; path = AFNetworkActivityIndicatorManager.m; sourceTree = "<group>"; };
		4E1C67A216228337005EDC3C /* AFNetworking.h */ = {isa = PBXFileReference; fileEncoding = 4; lastKnownFileType = sourcecode.c.h; path = AFNetworking.h; sourceTree = "<group>"; };
		4E1C67A316228337005EDC3C /* AFPropertyListRequestOperation.h */ = {isa = PBXFileReference; fileEncoding = 4; lastKnownFileType = sourcecode.c.h; path = AFPropertyListRequestOperation.h; sourceTree = "<group>"; };
		4E1C67A416228337005EDC3C /* AFPropertyListRequestOperation.m */ = {isa = PBXFileReference; fileEncoding = 4; lastKnownFileType = sourcecode.c.objc; path = AFPropertyListRequestOperation.m; sourceTree = "<group>"; };
		4E1C67A516228337005EDC3C /* AFURLConnectionOperation.h */ = {isa = PBXFileReference; fileEncoding = 4; lastKnownFileType = sourcecode.c.h; path = AFURLConnectionOperation.h; sourceTree = "<group>"; };
		4E1C67A616228337005EDC3C /* AFURLConnectionOperation.m */ = {isa = PBXFileReference; fileEncoding = 4; lastKnownFileType = sourcecode.c.objc; path = AFURLConnectionOperation.m; sourceTree = "<group>"; };
		4E1C67A716228337005EDC3C /* AFXMLRequestOperation.h */ = {isa = PBXFileReference; fileEncoding = 4; lastKnownFileType = sourcecode.c.h; path = AFXMLRequestOperation.h; sourceTree = "<group>"; };
		4E1C67A816228337005EDC3C /* AFXMLRequestOperation.m */ = {isa = PBXFileReference; fileEncoding = 4; lastKnownFileType = sourcecode.c.objc; path = AFXMLRequestOperation.m; sourceTree = "<group>"; };
		4E1C67A916228337005EDC3C /* UIImageView+AFNetworking.h */ = {isa = PBXFileReference; fileEncoding = 4; lastKnownFileType = sourcecode.c.h; path = "UIImageView+AFNetworking.h"; sourceTree = "<group>"; };
		4E1C67AA16228337005EDC3C /* UIImageView+AFNetworking.m */ = {isa = PBXFileReference; fileEncoding = 4; lastKnownFileType = sourcecode.c.objc; path = "UIImageView+AFNetworking.m"; sourceTree = "<group>"; };
		4E24763916288E0C009D9DB7 /* InfoPlist.strings */ = {isa = PBXFileReference; fileEncoding = 4; lastKnownFileType = text.plist.strings; path = InfoPlist.strings; sourceTree = "<group>"; };
		4E24765A16289BA2009D9DB7 /* MapKit.framework */ = {isa = PBXFileReference; lastKnownFileType = wrapper.framework; name = MapKit.framework; path = System/Library/Frameworks/MapKit.framework; sourceTree = SDKROOT; };
		4E25AEB6163351700038B9B1 /* MyHealth.h */ = {isa = PBXFileReference; fileEncoding = 4; lastKnownFileType = sourcecode.c.h; path = MyHealth.h; sourceTree = "<group>"; };
		4E25AEB7163351700038B9B1 /* MyHealth.m */ = {isa = PBXFileReference; fileEncoding = 4; lastKnownFileType = sourcecode.c.objc; path = MyHealth.m; sourceTree = "<group>"; };
		4E51E4411634701A0090CCCB /* toptab.jpg */ = {isa = PBXFileReference; lastKnownFileType = image.jpeg; path = toptab.jpg; sourceTree = "<group>"; };
		4E51E4451634807C0090CCCB /* backb.png */ = {isa = PBXFileReference; lastKnownFileType = image.png; path = backb.png; sourceTree = "<group>"; };
		4EA193821652C0E300DE0536 /* fb-sign.png */ = {isa = PBXFileReference; lastKnownFileType = image.png; path = "fb-sign.png"; sourceTree = "<group>"; };
		4EA193831652C0E300DE0536 /* twitter-sign.png */ = {isa = PBXFileReference; lastKnownFileType = image.png; path = "twitter-sign.png"; sourceTree = "<group>"; };
		4EB4789C1624C53800FDCC2E /* first.h */ = {isa = PBXFileReference; fileEncoding = 4; lastKnownFileType = sourcecode.c.h; path = first.h; sourceTree = "<group>"; };
		4EB4789D1624C53800FDCC2E /* first.m */ = {isa = PBXFileReference; fileEncoding = 4; lastKnownFileType = sourcecode.c.objc; path = first.m; sourceTree = "<group>"; };
		4EC5E51A16533A3E00CE0A42 /* FacebookSDK.framework */ = {isa = PBXFileReference; lastKnownFileType = wrapper.framework; name = FacebookSDK.framework; path = ../../Documents/FacebookSDK/FacebookSDK.framework; sourceTree = "<group>"; };
		4EC5E51C16533ACA00CE0A42 /* Accounts.framework */ = {isa = PBXFileReference; lastKnownFileType = wrapper.framework; name = Accounts.framework; path = System/Library/Frameworks/Accounts.framework; sourceTree = SDKROOT; };
		4EC5E51D16533ACA00CE0A42 /* AdSupport.framework */ = {isa = PBXFileReference; lastKnownFileType = wrapper.framework; name = AdSupport.framework; path = System/Library/Frameworks/AdSupport.framework; sourceTree = SDKROOT; };
		4EC5E52016533B8B00CE0A42 /* FacebookSDKResources.bundle */ = {isa = PBXFileReference; lastKnownFileType = "wrapper.plug-in"; name = FacebookSDKResources.bundle; path = ../../Documents/FacebookSDK/FacebookSDK.framework/Versions/A/Resources/FacebookSDKResources.bundle; sourceTree = "<group>"; };
		4EC5E52216533EC400CE0A42 /* EarthGerm-Info.plist */ = {isa = PBXFileReference; fileEncoding = 4; lastKnownFileType = text.plist.xml; path = "EarthGerm-Info.plist"; sourceTree = "<group>"; };
		4ECAFCD21651DC0E00FE18E1 /* Social.framework */ = {isa = PBXFileReference; lastKnownFileType = wrapper.framework; name = Social.framework; path = System/Library/Frameworks/Social.framework; sourceTree = SDKROOT; };
		9C0C5D5B1503722E000A19FD /* Storyboard.storyboard */ = {isa = PBXFileReference; fileEncoding = 4; lastKnownFileType = file.storyboard; path = Storyboard.storyboard; sourceTree = "<group>"; };
		9C21AF1214E4579F00DB003E /* EarthGerm.app */ = {isa = PBXFileReference; explicitFileType = wrapper.application; includeInIndex = 0; path = EarthGerm.app; sourceTree = BUILT_PRODUCTS_DIR; };
		9C21AF1614E4579F00DB003E /* UIKit.framework */ = {isa = PBXFileReference; lastKnownFileType = wrapper.framework; name = UIKit.framework; path = System/Library/Frameworks/UIKit.framework; sourceTree = SDKROOT; };
		9C21AF1814E4579F00DB003E /* Foundation.framework */ = {isa = PBXFileReference; lastKnownFileType = wrapper.framework; name = Foundation.framework; path = System/Library/Frameworks/Foundation.framework; sourceTree = SDKROOT; };
		9C21AF1A14E4579F00DB003E /* CoreGraphics.framework */ = {isa = PBXFileReference; lastKnownFileType = wrapper.framework; name = CoreGraphics.framework; path = System/Library/Frameworks/CoreGraphics.framework; sourceTree = SDKROOT; };
		9C21AF2214E4579F00DB003E /* main.m */ = {isa = PBXFileReference; lastKnownFileType = sourcecode.c.objc; path = main.m; sourceTree = "<group>"; };
		9C21AF2414E4579F00DB003E /* EarthGerm-Prefix.pch */ = {isa = PBXFileReference; lastKnownFileType = sourcecode.c.h; path = "EarthGerm-Prefix.pch"; sourceTree = "<group>"; };
		9C21AF2514E4579F00DB003E /* AppDelegate.h */ = {isa = PBXFileReference; lastKnownFileType = sourcecode.c.h; path = AppDelegate.h; sourceTree = "<group>"; };
		9C21AF2614E4579F00DB003E /* AppDelegate.m */ = {isa = PBXFileReference; lastKnownFileType = sourcecode.c.objc; path = AppDelegate.m; sourceTree = "<group>"; };
		9C21AF5B14E4581900DB003E /* PhotoScreen.h */ = {isa = PBXFileReference; fileEncoding = 4; lastKnownFileType = sourcecode.c.h; path = PhotoScreen.h; sourceTree = "<group>"; };
		9C21AF5C14E4581900DB003E /* PhotoScreen.m */ = {isa = PBXFileReference; fileEncoding = 4; lastKnownFileType = sourcecode.c.objc; path = PhotoScreen.m; sourceTree = "<group>"; };
		9C21AF6014E4596F00DB003E /* CFNetwork.framework */ = {isa = PBXFileReference; lastKnownFileType = wrapper.framework; name = CFNetwork.framework; path = System/Library/Frameworks/CFNetwork.framework; sourceTree = SDKROOT; };
		9C21AF6414E459CC00DB003E /* Security.framework */ = {isa = PBXFileReference; lastKnownFileType = wrapper.framework; name = Security.framework; path = System/Library/Frameworks/Security.framework; sourceTree = SDKROOT; };
		9C21AF6A14E45AAB00DB003E /* AssetsLibrary.framework */ = {isa = PBXFileReference; lastKnownFileType = wrapper.framework; name = AssetsLibrary.framework; path = System/Library/Frameworks/AssetsLibrary.framework; sourceTree = SDKROOT; };
		9C21AF7A14E4625700DB003E /* LoginScreen.h */ = {isa = PBXFileReference; fileEncoding = 4; lastKnownFileType = sourcecode.c.h; path = LoginScreen.h; sourceTree = "<group>"; };
		9C21AF7B14E4625700DB003E /* LoginScreen.m */ = {isa = PBXFileReference; fileEncoding = 4; lastKnownFileType = sourcecode.c.objc; path = LoginScreen.m; sourceTree = "<group>"; };
		9C21AF7F14E4642000DB003E /* UIAlertView+error.h */ = {isa = PBXFileReference; fileEncoding = 4; lastKnownFileType = sourcecode.c.h; path = "UIAlertView+error.h"; sourceTree = "<group>"; };
		9C21AF8014E4642000DB003E /* UIAlertView+error.m */ = {isa = PBXFileReference; fileEncoding = 4; lastKnownFileType = sourcecode.c.objc; path = "UIAlertView+error.m"; sourceTree = "<group>"; };
		9C427B0D14FA4DBA00C708B8 /* SystemConfiguration.framework */ = {isa = PBXFileReference; lastKnownFileType = wrapper.framework; name = SystemConfiguration.framework; path = System/Library/Frameworks/SystemConfiguration.framework; sourceTree = SDKROOT; };
		9C60DA8314E5316A00442413 /* StreamScreen.h */ = {isa = PBXFileReference; fileEncoding = 4; lastKnownFileType = sourcecode.c.h; path = StreamScreen.h; sourceTree = "<group>"; };
		9C60DA8414E5316A00442413 /* StreamScreen.m */ = {isa = PBXFileReference; fileEncoding = 4; lastKnownFileType = sourcecode.c.objc; path = StreamScreen.m; sourceTree = "<group>"; };
		9C60DA8814E53C7100442413 /* CoreImage.framework */ = {isa = PBXFileReference; lastKnownFileType = wrapper.framework; name = CoreImage.framework; path = System/Library/Frameworks/CoreImage.framework; sourceTree = SDKROOT; };
		9C60DA8D14E5478B00442413 /* placeholder.png */ = {isa = PBXFileReference; lastKnownFileType = image.png; path = placeholder.png; sourceTree = "<group>"; };
		9C9C950514E56EA100AA9BC3 /* StreamPhotoScreen.h */ = {isa = PBXFileReference; fileEncoding = 4; lastKnownFileType = sourcecode.c.h; path = StreamPhotoScreen.h; sourceTree = "<group>"; };
		9C9C950614E56EA100AA9BC3 /* StreamPhotoScreen.m */ = {isa = PBXFileReference; fileEncoding = 4; lastKnownFileType = sourcecode.c.objc; path = StreamPhotoScreen.m; sourceTree = "<group>"; };
/* End PBXFileReference section */

/* Begin PBXFrameworksBuildPhase section */
		9C21AF0F14E4579F00DB003E /* Frameworks */ = {
			isa = PBXFrameworksBuildPhase;
			buildActionMask = 2147483647;
			files = (
				4EC5E51E16533ACA00CE0A42 /* Accounts.framework in Frameworks */,
				4EC5E51F16533ACA00CE0A42 /* AdSupport.framework in Frameworks */,
				4ECAFCD31651DC0E00FE18E1 /* Social.framework in Frameworks */,
				4E24765B16289BA2009D9DB7 /* MapKit.framework in Frameworks */,
				9C427B0E14FA4DBA00C708B8 /* SystemConfiguration.framework in Frameworks */,
				9C60DA8914E53C7100442413 /* CoreImage.framework in Frameworks */,
				9C21AF6B14E45AAB00DB003E /* AssetsLibrary.framework in Frameworks */,
				9C21AF6514E459CC00DB003E /* Security.framework in Frameworks */,
				9C21AF6114E4596F00DB003E /* CFNetwork.framework in Frameworks */,
				9C21AF1714E4579F00DB003E /* UIKit.framework in Frameworks */,
				9C21AF1914E4579F00DB003E /* Foundation.framework in Frameworks */,
				9C21AF1B14E4579F00DB003E /* CoreGraphics.framework in Frameworks */,
				4EC5E51B16533A3E00CE0A42 /* FacebookSDK.framework in Frameworks */,
			);
			runOnlyForDeploymentPostprocessing = 0;
		};
/* End PBXFrameworksBuildPhase section */

/* Begin PBXGroup section */
		4E1C679516228337005EDC3C /* AFNetworking */ = {
			isa = PBXGroup;
			children = (
				4E1C679616228337005EDC3C /* AFHTTPClient.h */,
				4E1C679716228337005EDC3C /* AFHTTPClient.m */,
				4E1C679816228337005EDC3C /* AFHTTPRequestOperation.h */,
				4E1C679916228337005EDC3C /* AFHTTPRequestOperation.m */,
				4E1C679A16228337005EDC3C /* AFImageRequestOperation.h */,
				4E1C679B16228337005EDC3C /* AFImageRequestOperation.m */,
				4E1C679C16228337005EDC3C /* AFJSONRequestOperation.h */,
				4E1C679D16228337005EDC3C /* AFJSONRequestOperation.m */,
				4E1C679E16228337005EDC3C /* AFJSONUtilities.h */,
				4E1C679F16228337005EDC3C /* AFJSONUtilities.m */,
				4E1C67A016228337005EDC3C /* AFNetworkActivityIndicatorManager.h */,
				4E1C67A116228337005EDC3C /* AFNetworkActivityIndicatorManager.m */,
				4E1C67A216228337005EDC3C /* AFNetworking.h */,
				4E1C67A316228337005EDC3C /* AFPropertyListRequestOperation.h */,
				4E1C67A416228337005EDC3C /* AFPropertyListRequestOperation.m */,
				4E1C67A516228337005EDC3C /* AFURLConnectionOperation.h */,
				4E1C67A616228337005EDC3C /* AFURLConnectionOperation.m */,
				4E1C67A716228337005EDC3C /* AFXMLRequestOperation.h */,
				4E1C67A816228337005EDC3C /* AFXMLRequestOperation.m */,
				4E1C67A916228337005EDC3C /* UIImageView+AFNetworking.h */,
				4E1C67AA16228337005EDC3C /* UIImageView+AFNetworking.m */,
			);
			path = AFNetworking;
			sourceTree = "<group>";
		};
		9C21AF0714E4579F00DB003E = {
			isa = PBXGroup;
			children = (
				4E1C679516228337005EDC3C /* AFNetworking */,
				9C21AF1C14E4579F00DB003E /* EarthGerm */,
				9C21AF1514E4579F00DB003E /* Frameworks */,
				9C21AF1314E4579F00DB003E /* Products */,
			);
			sourceTree = "<group>";
		};
		9C21AF1314E4579F00DB003E /* Products */ = {
			isa = PBXGroup;
			children = (
				9C21AF1214E4579F00DB003E /* EarthGerm.app */,
			);
			name = Products;
			sourceTree = "<group>";
		};
		9C21AF1514E4579F00DB003E /* Frameworks */ = {
			isa = PBXGroup;
			children = (
				4EC5E52016533B8B00CE0A42 /* FacebookSDKResources.bundle */,
				4EC5E51D16533ACA00CE0A42 /* AdSupport.framework */,
				4EC5E51C16533ACA00CE0A42 /* Accounts.framework */,
				4EC5E51A16533A3E00CE0A42 /* FacebookSDK.framework */,
				4ECAFCD21651DC0E00FE18E1 /* Social.framework */,
				4E24765A16289BA2009D9DB7 /* MapKit.framework */,
				9C427B0D14FA4DBA00C708B8 /* SystemConfiguration.framework */,
				9C60DA8814E53C7100442413 /* CoreImage.framework */,
				9C21AF6A14E45AAB00DB003E /* AssetsLibrary.framework */,
				9C21AF6414E459CC00DB003E /* Security.framework */,
				9C21AF6014E4596F00DB003E /* CFNetwork.framework */,
				9C21AF1614E4579F00DB003E /* UIKit.framework */,
				9C21AF1814E4579F00DB003E /* Foundation.framework */,
				9C21AF1A14E4579F00DB003E /* CoreGraphics.framework */,
			);
			name = Frameworks;
			sourceTree = "<group>";
		};
		9C21AF1C14E4579F00DB003E /* EarthGerm */ = {
			isa = PBXGroup;
			children = (
				4E0C1C7A1620CA2B00FD622F /* API.h */,
				4E0C1C7B1620CA2B00FD622F /* API.m */,
				9C60DA8D14E5478B00442413 /* placeholder.png */,
				9C60DA8214E5308600442413 /* Categories */,
				9C60DA8014E5306800442413 /* Screens */,
				9C21AF1D14E4579F00DB003E /* Supporting Files */,
			);
			path = EarthGerm;
			sourceTree = "<group>";
		};
		9C21AF1D14E4579F00DB003E /* Supporting Files */ = {
			isa = PBXGroup;
			children = (
				4EC5E52216533EC400CE0A42 /* EarthGerm-Info.plist */,
				4E24763916288E0C009D9DB7 /* InfoPlist.strings */,
				9C21AF2214E4579F00DB003E /* main.m */,
				9C21AF2414E4579F00DB003E /* EarthGerm-Prefix.pch */,
			);
			name = "Supporting Files";
			sourceTree = "<group>";
		};
		9C60DA8014E5306800442413 /* Screens */ = {
			isa = PBXGroup;
			children = (
				9C21AF2514E4579F00DB003E /* AppDelegate.h */,
				9C21AF2614E4579F00DB003E /* AppDelegate.m */,
				9C0C5D5B1503722E000A19FD /* Storyboard.storyboard */,
				4E1697AF162CCA2A0020F1F6 /* bar.jpg */,
				4E1697AC162CC2F40020F1F6 /* third.h */,
				4E1697AD162CC2F40020F1F6 /* third.m */,
				4E51E4411634701A0090CCCB /* toptab.jpg */,
				4E1697B1162CD1120020F1F6 /* orange.jpg */,
				4E16979E162CB0430020F1F6 /* egintro.jpg */,
				4E51E4451634807C0090CCCB /* backb.png */,
				9C21AF7A14E4625700DB003E /* LoginScreen.h */,
				9C21AF7B14E4625700DB003E /* LoginScreen.m */,
				4EA193821652C0E300DE0536 /* fb-sign.png */,
				4EA193831652C0E300DE0536 /* twitter-sign.png */,
				9C21AF5B14E4581900DB003E /* PhotoScreen.h */,
				9C21AF5C14E4581900DB003E /* PhotoScreen.m */,
				4EB4789C1624C53800FDCC2E /* first.h */,
				4E0730FE1636FBBE00E8F4D2 /* loginbutton.png */,
				4E0730FF1636FBBE00E8F4D2 /* logbg.jpg */,
				4EB4789D1624C53800FDCC2E /* first.m */,
				9C60DA8314E5316A00442413 /* StreamScreen.h */,
				9C60DA8414E5316A00442413 /* StreamScreen.m */,
				9C9C950514E56EA100AA9BC3 /* StreamPhotoScreen.h */,
				9C9C950614E56EA100AA9BC3 /* StreamPhotoScreen.m */,
				4E25AEB6163351700038B9B1 /* MyHealth.h */,
				4E25AEB7163351700038B9B1 /* MyHealth.m */,
			);
			name = Screens;
			sourceTree = "<group>";
		};
		9C60DA8214E5308600442413 /* Categories */ = {
			isa = PBXGroup;
			children = (
				9C21AF7F14E4642000DB003E /* UIAlertView+error.h */,
				9C21AF8014E4642000DB003E /* UIAlertView+error.m */,
			);
			name = Categories;
			sourceTree = "<group>";
		};
/* End PBXGroup section */

/* Begin PBXNativeTarget section */
		9C21AF1114E4579F00DB003E /* EarthGerm */ = {
			isa = PBXNativeTarget;
			buildConfigurationList = 9C21AF3614E457A000DB003E /* Build configuration list for PBXNativeTarget "EarthGerm" */;
			buildPhases = (
				9C21AF0E14E4579F00DB003E /* Sources */,
				9C21AF0F14E4579F00DB003E /* Frameworks */,
				9C21AF1014E4579F00DB003E /* Resources */,
			);
			buildRules = (
			);
			dependencies = (
			);
			name = EarthGerm;
			productName = EarthGerm;
			productReference = 9C21AF1214E4579F00DB003E /* EarthGerm.app */;
			productType = "com.apple.product-type.application";
		};
/* End PBXNativeTarget section */

/* Begin PBXProject section */
		9C21AF0914E4579F00DB003E /* Project object */ = {
			isa = PBXProject;
			attributes = {
				LastUpgradeCheck = 0420;
				ORGANIZATIONNAME = "Rich Costelle";
			};
			buildConfigurationList = 9C21AF0C14E4579F00DB003E /* Build configuration list for PBXProject "EarthGerm" */;
			compatibilityVersion = "Xcode 3.2";
			developmentRegion = English;
			hasScannedForEncodings = 0;
			knownRegions = (
				en,
			);
			mainGroup = 9C21AF0714E4579F00DB003E;
			productRefGroup = 9C21AF1314E4579F00DB003E /* Products */;
			projectDirPath = "";
			projectRoot = "";
			targets = (
				9C21AF1114E4579F00DB003E /* EarthGerm */,
			);
		};
/* End PBXProject section */

/* Begin PBXResourcesBuildPhase section */
		9C21AF1014E4579F00DB003E /* Resources */ = {
			isa = PBXResourcesBuildPhase;
			buildActionMask = 2147483647;
			files = (
				9C60DA8E14E5478C00442413 /* placeholder.png in Resources */,
				9C0C5D5C1503722E000A19FD /* Storyboard.storyboard in Resources */,
				4E24763A16288E0C009D9DB7 /* InfoPlist.strings in Resources */,
				4E16979F162CB0430020F1F6 /* egintro.jpg in Resources */,
				4E1697B0162CCA2A0020F1F6 /* bar.jpg in Resources */,
				4E1697B2162CD1120020F1F6 /* orange.jpg in Resources */,
				4E51E4421634701B0090CCCB /* toptab.jpg in Resources */,
				4E51E4461634807D0090CCCB /* backb.png in Resources */,
				4E0731001636FBBE00E8F4D2 /* loginbutton.png in Resources */,
				4E0731011636FBBE00E8F4D2 /* logbg.jpg in Resources */,
				4EA193841652C0E300DE0536 /* fb-sign.png in Resources */,
				4EA193851652C0E300DE0536 /* twitter-sign.png in Resources */,
				4EC5E52116533B8B00CE0A42 /* FacebookSDKResources.bundle in Resources */,
				4EC5E52316533EC400CE0A42 /* EarthGerm-Info.plist in Resources */,
			);
			runOnlyForDeploymentPostprocessing = 0;
		};
/* End PBXResourcesBuildPhase section */

/* Begin PBXSourcesBuildPhase section */
		9C21AF0E14E4579F00DB003E /* Sources */ = {
			isa = PBXSourcesBuildPhase;
			buildActionMask = 2147483647;
			files = (
				9C21AF2314E4579F00DB003E /* main.m in Sources */,
				9C21AF2714E4579F00DB003E /* AppDelegate.m in Sources */,
				9C21AF5E14E4581900DB003E /* PhotoScreen.m in Sources */,
				9C21AF7D14E4625700DB003E /* LoginScreen.m in Sources */,
				9C21AF8114E4642000DB003E /* UIAlertView+error.m in Sources */,
				9C60DA8614E5316A00442413 /* StreamScreen.m in Sources */,
				9C9C950814E56EA100AA9BC3 /* StreamPhotoScreen.m in Sources */,
				4E0C1C7C1620CA2B00FD622F /* API.m in Sources */,
				4E1C67AB16228337005EDC3C /* AFHTTPClient.m in Sources */,
				4E1C67AC16228337005EDC3C /* AFHTTPRequestOperation.m in Sources */,
				4E1C67AD16228337005EDC3C /* AFImageRequestOperation.m in Sources */,
				4E1C67AE16228337005EDC3C /* AFJSONRequestOperation.m in Sources */,
				4E1C67AF16228337005EDC3C /* AFJSONUtilities.m in Sources */,
				4E1C67B016228337005EDC3C /* AFNetworkActivityIndicatorManager.m in Sources */,
				4E1C67B116228337005EDC3C /* AFPropertyListRequestOperation.m in Sources */,
				4E1C67B216228337005EDC3C /* AFURLConnectionOperation.m in Sources */,
				4E1C67B316228337005EDC3C /* AFXMLRequestOperation.m in Sources */,
				4E1C67B416228337005EDC3C /* UIImageView+AFNetworking.m in Sources */,
				4EB4789E1624C53800FDCC2E /* first.m in Sources */,
				4E1697AE162CC2F40020F1F6 /* third.m in Sources */,
				4E25AEB8163351700038B9B1 /* MyHealth.m in Sources */,
			);
			runOnlyForDeploymentPostprocessing = 0;
		};
/* End PBXSourcesBuildPhase section */

/* Begin XCBuildConfiguration section */
		9C21AF3414E457A000DB003E /* Debug */ = {
			isa = XCBuildConfiguration;
			buildSettings = {
				ALWAYS_SEARCH_USER_PATHS = NO;
				ARCHS = "$(ARCHS_STANDARD_32_BIT)";
				CLANG_ENABLE_OBJC_ARC = YES;
				"CODE_SIGN_IDENTITY[sdk=iphoneos*]" = "iPhone Developer";
				COPY_PHASE_STRIP = NO;
				GCC_C_LANGUAGE_STANDARD = gnu99;
				GCC_DYNAMIC_NO_PIC = NO;
				GCC_OPTIMIZATION_LEVEL = 0;
				GCC_PREPROCESSOR_DEFINITIONS = (
					"DEBUG=1",
					"$(inherited)",
				);
				GCC_SYMBOLS_PRIVATE_EXTERN = NO;
				GCC_VERSION = com.apple.compilers.llvm.clang.1_0;
				GCC_WARN_ABOUT_MISSING_PROTOTYPES = YES;
				GCC_WARN_ABOUT_RETURN_TYPE = YES;
				GCC_WARN_UNUSED_VARIABLE = YES;
				IPHONEOS_DEPLOYMENT_TARGET = 5.0;
				SDKROOT = iphoneos;
			};
			name = Debug;
		};
		9C21AF3514E457A000DB003E /* Release */ = {
			isa = XCBuildConfiguration;
			buildSettings = {
				ALWAYS_SEARCH_USER_PATHS = NO;
				ARCHS = "$(ARCHS_STANDARD_32_BIT)";
				CLANG_ENABLE_OBJC_ARC = YES;
				"CODE_SIGN_IDENTITY[sdk=iphoneos*]" = "iPhone Developer";
				COPY_PHASE_STRIP = YES;
				GCC_C_LANGUAGE_STANDARD = gnu99;
				GCC_VERSION = com.apple.compilers.llvm.clang.1_0;
				GCC_WARN_ABOUT_MISSING_PROTOTYPES = YES;
				GCC_WARN_ABOUT_RETURN_TYPE = YES;
				GCC_WARN_UNUSED_VARIABLE = YES;
				IPHONEOS_DEPLOYMENT_TARGET = 5.0;
				OTHER_CFLAGS = "-DNS_BLOCK_ASSERTIONS=1";
				SDKROOT = iphoneos;
				VALIDATE_PRODUCT = YES;
			};
			name = Release;
		};
		9C21AF3714E457A000DB003E /* Debug */ = {
			isa = XCBuildConfiguration;
			buildSettings = {
				FRAMEWORK_SEARCH_PATHS = (
					"$(inherited)",
					"\"$(SRCROOT)\"",
					"\"$(SRCROOT)/../../Documents/FacebookSDK\"",
				);
				GCC_PRECOMPILE_PREFIX_HEADER = YES;
				GCC_PREFIX_HEADER = "EarthGerm/EarthGerm-Prefix.pch";
				INFOPLIST_FILE = "EarthGerm/EarthGerm-Info.plist";
				New_Setting = "";
				New_Setting1 = "";
				OTHER_LDFLAGS = "-lsqlite3.0";
				PRODUCT_NAME = "$(TARGET_NAME)";
				WRAPPER_EXTENSION = app;
			};
			name = Debug;
		};
		9C21AF3814E457A000DB003E /* Release */ = {
			isa = XCBuildConfiguration;
			buildSettings = {
				FRAMEWORK_SEARCH_PATHS = (
					"$(inherited)",
					"\"$(SRCROOT)\"",
					"\"$(SRCROOT)/../../Documents/FacebookSDK\"",
				);
				GCC_PRECOMPILE_PREFIX_HEADER = YES;
				GCC_PREFIX_HEADER = "EarthGerm/EarthGerm-Prefix.pch";
				INFOPLIST_FILE = "EarthGerm/EarthGerm-Info.plist";
				New_Setting = "";
				New_Setting1 = "";
				OTHER_LDFLAGS = "-lsqlite3.0";
				PRODUCT_NAME = "$(TARGET_NAME)";
				WRAPPER_EXTENSION = app;
			};
			name = Release;
		};
/* End XCBuildConfiguration section */

/* Begin XCConfigurationList section */
		9C21AF0C14E4579F00DB003E /* Build configuration list for PBXProject "EarthGerm" */ = {
			isa = XCConfigurationList;
			buildConfigurations = (
				9C21AF3414E457A000DB003E /* Debug */,
				9C21AF3514E457A000DB003E /* Release */,
			);
			defaultConfigurationIsVisible = 0;
			defaultConfigurationName = Release;
		};
		9C21AF3614E457A000DB003E /* Build configuration list for PBXNativeTarget "EarthGerm" */ = {
			isa = XCConfigurationList;
			buildConfigurations = (
				9C21AF3714E457A000DB003E /* Debug */,
				9C21AF3814E457A000DB003E /* Release */,
			);
			defaultConfigurationIsVisible = 0;
			defaultConfigurationName = Release;
		};
/* End XCConfigurationList section */
	};
	rootObject = 9C21AF0914E4579F00DB003E /* Project object */;
}
